// !$*UTF8*$!
{
	archiveVersion = 1;
	classes = {
	};
	objectVersion = 46;
	objects = {

/* Begin PBXBuildFile section */
		0B0719EE1CE4B87E002D04D3 /* AppDelegate.swift in Sources */ = {isa = PBXBuildFile; fileRef = 0B0719ED1CE4B87E002D04D3 /* AppDelegate.swift */; };
		0B0719F01CE4B87E002D04D3 /* HomeViewController.swift in Sources */ = {isa = PBXBuildFile; fileRef = 0B0719EF1CE4B87E002D04D3 /* HomeViewController.swift */; };
		0B0719F21CE4B87E002D04D3 /* MyPageViewController.swift in Sources */ = {isa = PBXBuildFile; fileRef = 0B0719F11CE4B87E002D04D3 /* MyPageViewController.swift */; };
		0B0719F51CE4B87E002D04D3 /* Main.storyboard in Resources */ = {isa = PBXBuildFile; fileRef = 0B0719F31CE4B87E002D04D3 /* Main.storyboard */; };
		0B0719F71CE4B87E002D04D3 /* Assets.xcassets in Resources */ = {isa = PBXBuildFile; fileRef = 0B0719F61CE4B87E002D04D3 /* Assets.xcassets */; };
		0B0719FA1CE4B87E002D04D3 /* LaunchScreen.storyboard in Resources */ = {isa = PBXBuildFile; fileRef = 0B0719F81CE4B87E002D04D3 /* LaunchScreen.storyboard */; };
		0B071A051CE4B87E002D04D3 /* sampleAcaTests.swift in Sources */ = {isa = PBXBuildFile; fileRef = 0B071A041CE4B87E002D04D3 /* sampleAcaTests.swift */; };
		0B071A101CE4B87E002D04D3 /* sampleAcaUITests.swift in Sources */ = {isa = PBXBuildFile; fileRef = 0B071A0F1CE4B87E002D04D3 /* sampleAcaUITests.swift */; };
		0B071A1E1CE4BAAE002D04D3 /* SettingViewController.swift in Sources */ = {isa = PBXBuildFile; fileRef = 0B071A1D1CE4BAAE002D04D3 /* SettingViewController.swift */; };
		0B071A201CE4BFB3002D04D3 /* NoticeViewController.swift in Sources */ = {isa = PBXBuildFile; fileRef = 0B071A1F1CE4BFB3002D04D3 /* NoticeViewController.swift */; };
		0B071A221CE4C2D0002D04D3 /* posts.txt in Resources */ = {isa = PBXBuildFile; fileRef = 0B071A211CE4C2D0002D04D3 /* posts.txt */; };
		0B071A261CE4D6C8002D04D3 /* myPosts.txt in Resources */ = {isa = PBXBuildFile; fileRef = 0B071A251CE4D6C8002D04D3 /* myPosts.txt */; };
		0B071A281CE4D7C1002D04D3 /* myProf.txt in Resources */ = {isa = PBXBuildFile; fileRef = 0B071A271CE4D7C1002D04D3 /* myProf.txt */; };
/* End PBXBuildFile section */

/* Begin PBXContainerItemProxy section */
		0B071A011CE4B87E002D04D3 /* PBXContainerItemProxy */ = {
			isa = PBXContainerItemProxy;
			containerPortal = 0B0719E21CE4B87E002D04D3 /* Project object */;
			proxyType = 1;
			remoteGlobalIDString = 0B0719E91CE4B87E002D04D3;
			remoteInfo = sampleAca;
		};
		0B071A0C1CE4B87E002D04D3 /* PBXContainerItemProxy */ = {
			isa = PBXContainerItemProxy;
			containerPortal = 0B0719E21CE4B87E002D04D3 /* Project object */;
			proxyType = 1;
			remoteGlobalIDString = 0B0719E91CE4B87E002D04D3;
			remoteInfo = sampleAca;
		};
/* End PBXContainerItemProxy section */

/* Begin PBXFileReference section */
		0B0719EA1CE4B87E002D04D3 /* sampleAca.app */ = {isa = PBXFileReference; explicitFileType = wrapper.application; includeInIndex = 0; path = sampleAca.app; sourceTree = BUILT_PRODUCTS_DIR; };
		0B0719ED1CE4B87E002D04D3 /* AppDelegate.swift */ = {isa = PBXFileReference; lastKnownFileType = sourcecode.swift; path = AppDelegate.swift; sourceTree = "<group>"; };
		0B0719EF1CE4B87E002D04D3 /* HomeViewController.swift */ = {isa = PBXFileReference; lastKnownFileType = sourcecode.swift; path = HomeViewController.swift; sourceTree = "<group>"; };
		0B0719F11CE4B87E002D04D3 /* MyPageViewController.swift */ = {isa = PBXFileReference; lastKnownFileType = sourcecode.swift; path = MyPageViewController.swift; sourceTree = "<group>"; };
		0B0719F41CE4B87E002D04D3 /* Base */ = {isa = PBXFileReference; lastKnownFileType = file.storyboard; name = Base; path = Base.lproj/Main.storyboard; sourceTree = "<group>"; };
		0B0719F61CE4B87E002D04D3 /* Assets.xcassets */ = {isa = PBXFileReference; lastKnownFileType = folder.assetcatalog; path = Assets.xcassets; sourceTree = "<group>"; };
		0B0719F91CE4B87E002D04D3 /* Base */ = {isa = PBXFileReference; lastKnownFileType = file.storyboard; name = Base; path = Base.lproj/LaunchScreen.storyboard; sourceTree = "<group>"; };
		0B0719FB1CE4B87E002D04D3 /* Info.plist */ = {isa = PBXFileReference; lastKnownFileType = text.plist.xml; path = Info.plist; sourceTree = "<group>"; };
		0B071A001CE4B87E002D04D3 /* sampleAcaTests.xctest */ = {isa = PBXFileReference; explicitFileType = wrapper.cfbundle; includeInIndex = 0; path = sampleAcaTests.xctest; sourceTree = BUILT_PRODUCTS_DIR; };
		0B071A041CE4B87E002D04D3 /* sampleAcaTests.swift */ = {isa = PBXFileReference; lastKnownFileType = sourcecode.swift; path = sampleAcaTests.swift; sourceTree = "<group>"; };
		0B071A061CE4B87E002D04D3 /* Info.plist */ = {isa = PBXFileReference; lastKnownFileType = text.plist.xml; path = Info.plist; sourceTree = "<group>"; };
		0B071A0B1CE4B87E002D04D3 /* sampleAcaUITests.xctest */ = {isa = PBXFileReference; explicitFileType = wrapper.cfbundle; includeInIndex = 0; path = sampleAcaUITests.xctest; sourceTree = BUILT_PRODUCTS_DIR; };
		0B071A0F1CE4B87E002D04D3 /* sampleAcaUITests.swift */ = {isa = PBXFileReference; lastKnownFileType = sourcecode.swift; path = sampleAcaUITests.swift; sourceTree = "<group>"; };
		0B071A111CE4B87E002D04D3 /* Info.plist */ = {isa = PBXFileReference; lastKnownFileType = text.plist.xml; path = Info.plist; sourceTree = "<group>"; };
		0B071A1D1CE4BAAE002D04D3 /* SettingViewController.swift */ = {isa = PBXFileReference; fileEncoding = 4; lastKnownFileType = sourcecode.swift; path = SettingViewController.swift; sourceTree = "<group>"; };
		0B071A1F1CE4BFB3002D04D3 /* NoticeViewController.swift */ = {isa = PBXFileReference; fileEncoding = 4; lastKnownFileType = sourcecode.swift; path = NoticeViewController.swift; sourceTree = "<group>"; };
		0B071A211CE4C2D0002D04D3 /* posts.txt */ = {isa = PBXFileReference; fileEncoding = 4; lastKnownFileType = text; name = posts.txt; path = ../posts.txt; sourceTree = "<group>"; };
		0B071A251CE4D6C8002D04D3 /* myPosts.txt */ = {isa = PBXFileReference; fileEncoding = 4; lastKnownFileType = text; path = myPosts.txt; sourceTree = "<group>"; };
		0B071A271CE4D7C1002D04D3 /* myProf.txt */ = {isa = PBXFileReference; fileEncoding = 4; lastKnownFileType = text; path = myProf.txt; sourceTree = "<group>"; };
/* End PBXFileReference section */

/* Begin PBXFrameworksBuildPhase section */
		0B0719E71CE4B87E002D04D3 /* Frameworks */ = {
			isa = PBXFrameworksBuildPhase;
			buildActionMask = 2147483647;
			files = (
			);
			runOnlyForDeploymentPostprocessing = 0;
		};
		0B0719FD1CE4B87E002D04D3 /* Frameworks */ = {
			isa = PBXFrameworksBuildPhase;
			buildActionMask = 2147483647;
			files = (
			);
			runOnlyForDeploymentPostprocessing = 0;
		};
		0B071A081CE4B87E002D04D3 /* Frameworks */ = {
			isa = PBXFrameworksBuildPhase;
			buildActionMask = 2147483647;
			files = (
			);
			runOnlyForDeploymentPostprocessing = 0;
		};
/* End PBXFrameworksBuildPhase section */

/* Begin PBXGroup section */
		0B0719E11CE4B87E002D04D3 = {
			isa = PBXGroup;
			children = (
				0B0719EC1CE4B87E002D04D3 /* sampleAca */,
				0B071A031CE4B87E002D04D3 /* sampleAcaTests */,
				0B071A0E1CE4B87E002D04D3 /* sampleAcaUITests */,
				0B0719EB1CE4B87E002D04D3 /* Products */,
			);
			sourceTree = "<group>";
		};
		0B0719EB1CE4B87E002D04D3 /* Products */ = {
			isa = PBXGroup;
			children = (
				0B0719EA1CE4B87E002D04D3 /* sampleAca.app */,
				0B071A001CE4B87E002D04D3 /* sampleAcaTests.xctest */,
				0B071A0B1CE4B87E002D04D3 /* sampleAcaUITests.xctest */,
			);
			name = Products;
			sourceTree = "<group>";
		};
		0B0719EC1CE4B87E002D04D3 /* sampleAca */ = {
			isa = PBXGroup;
			children = (
				0B0719ED1CE4B87E002D04D3 /* AppDelegate.swift */,
				0B0719EF1CE4B87E002D04D3 /* HomeViewController.swift */,
				0B0719F11CE4B87E002D04D3 /* MyPageViewController.swift */,
				0B071A1F1CE4BFB3002D04D3 /* NoticeViewController.swift */,
				0B071A1D1CE4BAAE002D04D3 /* SettingViewController.swift */,
				0B0719F31CE4B87E002D04D3 /* Main.storyboard */,
				0B0719F61CE4B87E002D04D3 /* Assets.xcassets */,
				0B0719F81CE4B87E002D04D3 /* LaunchScreen.storyboard */,
				0B0719FB1CE4B87E002D04D3 /* Info.plist */,
				0B071A211CE4C2D0002D04D3 /* posts.txt */,
				0B071A251CE4D6C8002D04D3 /* myPosts.txt */,
				0B071A271CE4D7C1002D04D3 /* myProf.txt */,
			);
			path = sampleAca;
			sourceTree = "<group>";
		};
		0B071A031CE4B87E002D04D3 /* sampleAcaTests */ = {
			isa = PBXGroup;
			children = (
				0B071A041CE4B87E002D04D3 /* sampleAcaTests.swift */,
				0B071A061CE4B87E002D04D3 /* Info.plist */,
			);
			path = sampleAcaTests;
			sourceTree = "<group>";
		};
		0B071A0E1CE4B87E002D04D3 /* sampleAcaUITests */ = {
			isa = PBXGroup;
			children = (
				0B071A0F1CE4B87E002D04D3 /* sampleAcaUITests.swift */,
				0B071A111CE4B87E002D04D3 /* Info.plist */,
			);
			path = sampleAcaUITests;
			sourceTree = "<group>";
		};
/* End PBXGroup section */

/* Begin PBXNativeTarget section */
		0B0719E91CE4B87E002D04D3 /* sampleAca */ = {
			isa = PBXNativeTarget;
			buildConfigurationList = 0B071A141CE4B87E002D04D3 /* Build configuration list for PBXNativeTarget "sampleAca" */;
			buildPhases = (
				0B0719E61CE4B87E002D04D3 /* Sources */,
				0B0719E71CE4B87E002D04D3 /* Frameworks */,
				0B0719E81CE4B87E002D04D3 /* Resources */,
			);
			buildRules = (
			);
			dependencies = (
			);
			name = sampleAca;
			productName = sampleAca;
			productReference = 0B0719EA1CE4B87E002D04D3 /* sampleAca.app */;
			productType = "com.apple.product-type.application";
		};
		0B0719FF1CE4B87E002D04D3 /* sampleAcaTests */ = {
			isa = PBXNativeTarget;
			buildConfigurationList = 0B071A171CE4B87E002D04D3 /* Build configuration list for PBXNativeTarget "sampleAcaTests" */;
			buildPhases = (
				0B0719FC1CE4B87E002D04D3 /* Sources */,
				0B0719FD1CE4B87E002D04D3 /* Frameworks */,
				0B0719FE1CE4B87E002D04D3 /* Resources */,
			);
			buildRules = (
			);
			dependencies = (
				0B071A021CE4B87E002D04D3 /* PBXTargetDependency */,
			);
			name = sampleAcaTests;
			productName = sampleAcaTests;
			productReference = 0B071A001CE4B87E002D04D3 /* sampleAcaTests.xctest */;
			productType = "com.apple.product-type.bundle.unit-test";
		};
		0B071A0A1CE4B87E002D04D3 /* sampleAcaUITests */ = {
			isa = PBXNativeTarget;
			buildConfigurationList = 0B071A1A1CE4B87E002D04D3 /* Build configuration list for PBXNativeTarget "sampleAcaUITests" */;
			buildPhases = (
				0B071A071CE4B87E002D04D3 /* Sources */,
				0B071A081CE4B87E002D04D3 /* Frameworks */,
				0B071A091CE4B87E002D04D3 /* Resources */,
			);
			buildRules = (
			);
			dependencies = (
				0B071A0D1CE4B87E002D04D3 /* PBXTargetDependency */,
			);
			name = sampleAcaUITests;
			productName = sampleAcaUITests;
			productReference = 0B071A0B1CE4B87E002D04D3 /* sampleAcaUITests.xctest */;
			productType = "com.apple.product-type.bundle.ui-testing";
		};
/* End PBXNativeTarget section */

/* Begin PBXProject section */
		0B0719E21CE4B87E002D04D3 /* Project object */ = {
			isa = PBXProject;
			attributes = {
				LastSwiftUpdateCheck = 0730;
				LastUpgradeCheck = 0730;
				ORGANIZATIONNAME = "RIho OKubo";
				TargetAttributes = {
					0B0719E91CE4B87E002D04D3 = {
						CreatedOnToolsVersion = 7.3.1;
					};
					0B0719FF1CE4B87E002D04D3 = {
						CreatedOnToolsVersion = 7.3.1;
						TestTargetID = 0B0719E91CE4B87E002D04D3;
					};
					0B071A0A1CE4B87E002D04D3 = {
						CreatedOnToolsVersion = 7.3.1;
						TestTargetID = 0B0719E91CE4B87E002D04D3;
					};
				};
			};
			buildConfigurationList = 0B0719E51CE4B87E002D04D3 /* Build configuration list for PBXProject "sampleAca" */;
			compatibilityVersion = "Xcode 3.2";
			developmentRegion = English;
			hasScannedForEncodings = 0;
			knownRegions = (
				en,
				Base,
			);
			mainGroup = 0B0719E11CE4B87E002D04D3;
			productRefGroup = 0B0719EB1CE4B87E002D04D3 /* Products */;
			projectDirPath = "";
			projectRoot = "";
			targets = (
				0B0719E91CE4B87E002D04D3 /* sampleAca */,
				0B0719FF1CE4B87E002D04D3 /* sampleAcaTests */,
				0B071A0A1CE4B87E002D04D3 /* sampleAcaUITests */,
			);
		};
/* End PBXProject section */

/* Begin PBXResourcesBuildPhase section */
		0B0719E81CE4B87E002D04D3 /* Resources */ = {
			isa = PBXResourcesBuildPhase;
			buildActionMask = 2147483647;
			files = (
				0B071A221CE4C2D0002D04D3 /* posts.txt in Resources */,
				0B071A281CE4D7C1002D04D3 /* myProf.txt in Resources */,
				0B0719FA1CE4B87E002D04D3 /* LaunchScreen.storyboard in Resources */,
				0B0719F71CE4B87E002D04D3 /* Assets.xcassets in Resources */,
				0B0719F51CE4B87E002D04D3 /* Main.storyboard in Resources */,
				0B071A261CE4D6C8002D04D3 /* myPosts.txt in Resources */,
			);
			runOnlyForDeploymentPostprocessing = 0;
		};
		0B0719FE1CE4B87E002D04D3 /* Resources */ = {
			isa = PBXResourcesBuildPhase;
			buildActionMask = 2147483647;
			files = (
			);
			runOnlyForDeploymentPostprocessing = 0;
		};
		0B071A091CE4B87E002D04D3 /* Resources */ = {
			isa = PBXResourcesBuildPhase;
			buildActionMask = 2147483647;
			files = (
			);
			runOnlyForDeploymentPostprocessing = 0;
		};
/* End PBXResourcesBuildPhase section */

/* Begin PBXSourcesBuildPhase section */
		0B0719E61CE4B87E002D04D3 /* Sources */ = {
			isa = PBXSourcesBuildPhase;
			buildActionMask = 2147483647;
			files = (
				0B0719F21CE4B87E002D04D3 /* MyPageViewController.swift in Sources */,
				0B0719EE1CE4B87E002D04D3 /* AppDelegate.swift in Sources */,
				0B0719F01CE4B87E002D04D3 /* HomeViewController.swift in Sources */,
				0B071A1E1CE4BAAE002D04D3 /* SettingViewController.swift in Sources */,
				0B071A201CE4BFB3002D04D3 /* NoticeViewController.swift in Sources */,
			);
			runOnlyForDeploymentPostprocessing = 0;
		};
		0B0719FC1CE4B87E002D04D3 /* Sources */ = {
			isa = PBXSourcesBuildPhase;
			buildActionMask = 2147483647;
			files = (
				0B071A051CE4B87E002D04D3 /* sampleAcaTests.swift in Sources */,
			);
			runOnlyForDeploymentPostprocessing = 0;
		};
		0B071A071CE4B87E002D04D3 /* Sources */ = {
			isa = PBXSourcesBuildPhase;
			buildActionMask = 2147483647;
			files = (
				0B071A101CE4B87E002D04D3 /* sampleAcaUITests.swift in Sources */,
			);
			runOnlyForDeploymentPostprocessing = 0;
		};
/* End PBXSourcesBuildPhase section */

/* Begin PBXTargetDependency section */
		0B071A021CE4B87E002D04D3 /* PBXTargetDependency */ = {
			isa = PBXTargetDependency;
			target = 0B0719E91CE4B87E002D04D3 /* sampleAca */;
			targetProxy = 0B071A011CE4B87E002D04D3 /* PBXContainerItemProxy */;
		};
		0B071A0D1CE4B87E002D04D3 /* PBXTargetDependency */ = {
			isa = PBXTargetDependency;
			target = 0B0719E91CE4B87E002D04D3 /* sampleAca */;
			targetProxy = 0B071A0C1CE4B87E002D04D3 /* PBXContainerItemProxy */;
		};
/* End PBXTargetDependency section */

/* Begin PBXVariantGroup section */
		0B0719F31CE4B87E002D04D3 /* Main.storyboard */ = {
			isa = PBXVariantGroup;
			children = (
				0B0719F41CE4B87E002D04D3 /* Base */,
			);
			name = Main.storyboard;
			sourceTree = "<group>";
		};
		0B0719F81CE4B87E002D04D3 /* LaunchScreen.storyboard */ = {
			isa = PBXVariantGroup;
			children = (
				0B0719F91CE4B87E002D04D3 /* Base */,
			);
			name = LaunchScreen.storyboard;
			sourceTree = "<group>";
		};
/* End PBXVariantGroup section */

/* Begin XCBuildConfiguration section */
		0B071A121CE4B87E002D04D3 /* Debug */ = {
			isa = XCBuildConfiguration;
			buildSettings = {
				ALWAYS_SEARCH_USER_PATHS = NO;
				CLANG_ANALYZER_NONNULL = YES;
				CLANG_CXX_LANGUAGE_STANDARD = "gnu++0x";
				CLANG_CXX_LIBRARY = "libc++";
				CLANG_ENABLE_MODULES = YES;
				CLANG_ENABLE_OBJC_ARC = YES;
				CLANG_WARN_BOOL_CONVERSION = YES;
				CLANG_WARN_CONSTANT_CONVERSION = YES;
				CLANG_WARN_DIRECT_OBJC_ISA_USAGE = YES_ERROR;
				CLANG_WARN_EMPTY_BODY = YES;
				CLANG_WARN_ENUM_CONVERSION = YES;
				CLANG_WARN_INT_CONVERSION = YES;
				CLANG_WARN_OBJC_ROOT_CLASS = YES_ERROR;
				CLANG_WARN_UNREACHABLE_CODE = YES;
				CLANG_WARN__DUPLICATE_METHOD_MATCH = YES;
				"CODE_SIGN_IDENTITY[sdk=iphoneos*]" = "iPhone Developer";
				COPY_PHASE_STRIP = NO;
				DEBUG_INFORMATION_FORMAT = dwarf;
				ENABLE_STRICT_OBJC_MSGSEND = YES;
				ENABLE_TESTABILITY = YES;
				GCC_C_LANGUAGE_STANDARD = gnu99;
				GCC_DYNAMIC_NO_PIC = NO;
				GCC_NO_COMMON_BLOCKS = YES;
				GCC_OPTIMIZATION_LEVEL = 0;
				GCC_PREPROCESSOR_DEFINITIONS = (
					"DEBUG=1",
					"$(inherited)",
				);
				GCC_WARN_64_TO_32_BIT_CONVERSION = YES;
				GCC_WARN_ABOUT_RETURN_TYPE = YES_ERROR;
				GCC_WARN_UNDECLARED_SELECTOR = YES;
				GCC_WARN_UNINITIALIZED_AUTOS = YES_AGGRESSIVE;
				GCC_WARN_UNUSED_FUNCTION = YES;
				GCC_WARN_UNUSED_VARIABLE = YES;
				IPHONEOS_DEPLOYMENT_TARGET = 9.3;
				MTL_ENABLE_DEBUG_INFO = YES;
				ONLY_ACTIVE_ARCH = YES;
				SDKROOT = iphoneos;
				SWIFT_OPTIMIZATION_LEVEL = "-Onone";
			};
			name = Debug;
		};
		0B071A131CE4B87E002D04D3 /* Release */ = {
			isa = XCBuildConfiguration;
			buildSettings = {
				ALWAYS_SEARCH_USER_PATHS = NO;
				CLANG_ANALYZER_NONNULL = YES;
				CLANG_CXX_LANGUAGE_STANDARD = "gnu++0x";
				CLANG_CXX_LIBRARY = "libc++";
				CLANG_ENABLE_MODULES = YES;
				CLANG_ENABLE_OBJC_ARC = YES;
				CLANG_WARN_BOOL_CONVERSION = YES;
				CLANG_WARN_CONSTANT_CONVERSION = YES;
				CLANG_WARN_DIRECT_OBJC_ISA_USAGE = YES_ERROR;
				CLANG_WARN_EMPTY_BODY = YES;
				CLANG_WARN_ENUM_CONVERSION = YES;
				CLANG_WARN_INT_CONVERSION = YES;
				CLANG_WARN_OBJC_ROOT_CLASS = YES_ERROR;
				CLANG_WARN_UNREACHABLE_CODE = YES;
				CLANG_WARN__DUPLICATE_METHOD_MATCH = YES;
				"CODE_SIGN_IDENTITY[sdk=iphoneos*]" = "iPhone Developer";
				COPY_PHASE_STRIP = NO;
				DEBUG_INFORMATION_FORMAT = "dwarf-with-dsym";
				ENABLE_NS_ASSERTIONS = NO;
				ENABLE_STRICT_OBJC_MSGSEND = YES;
				GCC_C_LANGUAGE_STANDARD = gnu99;
				GCC_NO_COMMON_BLOCKS = YES;
				GCC_WARN_64_TO_32_BIT_CONVERSION = YES;
				GCC_WARN_ABOUT_RETURN_TYPE = YES_ERROR;
				GCC_WARN_UNDECLARED_SELECTOR = YES;
				GCC_WARN_UNINITIALIZED_AUTOS = YES_AGGRESSIVE;
				GCC_WARN_UNUSED_FUNCTION = YES;
				GCC_WARN_UNUSED_VARIABLE = YES;
				IPHONEOS_DEPLOYMENT_TARGET = 9.3;
				MTL_ENABLE_DEBUG_INFO = NO;
				SDKROOT = iphoneos;
				VALIDATE_PRODUCT = YES;
			};
			name = Release;
		};
		0B071A151CE4B87E002D04D3 /* Debug */ = {
			isa = XCBuildConfiguration;
			buildSettings = {
				ASSETCATALOG_COMPILER_APPICON_NAME = AppIcon;
				INFOPLIST_FILE = sampleAca/Info.plist;
				LD_RUNPATH_SEARCH_PATHS = "$(inherited) @executable_path/Frameworks";
				PRODUCT_BUNDLE_IDENTIFIER = com.rihookubo.sampleAca;
				PRODUCT_NAME = "$(TARGET_NAME)";
			};
			name = Debug;
		};
		0B071A161CE4B87E002D04D3 /* Release */ = {
			isa = XCBuildConfiguration;
			buildSettings = {
				ASSETCATALOG_COMPILER_APPICON_NAME = AppIcon;
				INFOPLIST_FILE = sampleAca/Info.plist;
				LD_RUNPATH_SEARCH_PATHS = "$(inherited) @executable_path/Frameworks";
				PRODUCT_BUNDLE_IDENTIFIER = com.rihookubo.sampleAca;
				PRODUCT_NAME = "$(TARGET_NAME)";
			};
			name = Release;
		};
		0B071A181CE4B87E002D04D3 /* Debug */ = {
			isa = XCBuildConfiguration;
			buildSettings = {
				BUNDLE_LOADER = "$(TEST_HOST)";
				INFOPLIST_FILE = sampleAcaTests/Info.plist;
				LD_RUNPATH_SEARCH_PATHS = "$(inherited) @executable_path/Frameworks @loader_path/Frameworks";
				PRODUCT_BUNDLE_IDENTIFIER = com.rihookubo.sampleAcaTests;
				PRODUCT_NAME = "$(TARGET_NAME)";
				TEST_HOST = "$(BUILT_PRODUCTS_DIR)/sampleAca.app/sampleAca";
			};
			name = Debug;
		};
		0B071A191CE4B87E002D04D3 /* Release */ = {
			isa = XCBuildConfiguration;
			buildSettings = {
				BUNDLE_LOADER = "$(TEST_HOST)";
				INFOPLIST_FILE = sampleAcaTests/Info.plist;
				LD_RUNPATH_SEARCH_PATHS = "$(inherited) @executable_path/Frameworks @loader_path/Frameworks";
				PRODUCT_BUNDLE_IDENTIFIER = com.rihookubo.sampleAcaTests;
				PRODUCT_NAME = "$(TARGET_NAME)";
				TEST_HOST = "$(BUILT_PRODUCTS_DIR)/sampleAca.app/sampleAca";
			};
			name = Release;
		};
		0B071A1B1CE4B87E002D04D3 /* Debug */ = {
			isa = XCBuildConfiguration;
			buildSettings = {
				INFOPLIST_FILE = sampleAcaUITests/Info.plist;
				LD_RUNPATH_SEARCH_PATHS = "$(inherited) @executable_path/Frameworks @loader_path/Frameworks";
				PRODUCT_BUNDLE_IDENTIFIER = com.rihookubo.sampleAcaUITests;
				PRODUCT_NAME = "$(TARGET_NAME)";
				TEST_TARGET_NAME = sampleAca;
			};
			name = Debug;
		};
		0B071A1C1CE4B87E002D04D3 /* Release */ = {
			isa = XCBuildConfiguration;
			buildSettings = {
				INFOPLIST_FILE = sampleAcaUITests/Info.plist;
				LD_RUNPATH_SEARCH_PATHS = "$(inherited) @executable_path/Frameworks @loader_path/Frameworks";
				PRODUCT_BUNDLE_IDENTIFIER = com.rihookubo.sampleAcaUITests;
				PRODUCT_NAME = "$(TARGET_NAME)";
				TEST_TARGET_NAME = sampleAca;
			};
			name = Release;
		};
/* End XCBuildConfiguration section */

/* Begin XCConfigurationList section */
		0B0719E51CE4B87E002D04D3 /* Build configuration list for PBXProject "sampleAca" */ = {
			isa = XCConfigurationList;
			buildConfigurations = (
				0B071A121CE4B87E002D04D3 /* Debug */,
				0B071A131CE4B87E002D04D3 /* Release */,
			);
			defaultConfigurationIsVisible = 0;
			defaultConfigurationName = Release;
		};
		0B071A141CE4B87E002D04D3 /* Build configuration list for PBXNativeTarget "sampleAca" */ = {
			isa = XCConfigurationList;
			buildConfigurations = (
				0B071A151CE4B87E002D04D3 /* Debug */,
				0B071A161CE4B87E002D04D3 /* Release */,
			);
			defaultConfigurationIsVisible = 0;
		};
		0B071A171CE4B87E002D04D3 /* Build configuration list for PBXNativeTarget "sampleAcaTests" */ = {
			isa = XCConfigurationList;
			buildConfigurations = (
				0B071A181CE4B87E002D04D3 /* Debug */,
				0B071A191CE4B87E002D04D3 /* Release */,
			);
			defaultConfigurationIsVisible = 0;
		};
		0B071A1A1CE4B87E002D04D3 /* Build configuration list for PBXNativeTarget "sampleAcaUITests" */ = {
			isa = XCConfigurationList;
			buildConfigurations = (
				0B071A1B1CE4B87E002D04D3 /* Debug */,
				0B071A1C1CE4B87E002D04D3 /* Release */,
			);
			defaultConfigurationIsVisible = 0;
		};
/* End XCConfigurationList section */
	};
	rootObject = 0B0719E21CE4B87E002D04D3 /* Project object */;
}
